
Microsoft Visual Studio Solution File, Format Version 12.00
Project("{FAE04EC0-301F-11D3-BF4B-00C04F79EFBC}") = "Zadanie5.Web", "Zadanie5.Web\Zadanie5.Web.csproj", "{E6F19521-FB1C-47C4-976E-EC00C4595BA2}"
EndProject
Project("{FAE04EC0-301F-11D3-BF4B-00C04F79EFBC}") = "Zadanie5.Infrastructure", "Zadanie5.Infrastructure\Zadanie5.Infrastructure.csproj", "{51FC02F2-F79A-457B-99E1-759915BB4426}"
EndProject
Project("{FAE04EC0-301F-11D3-BF4B-00C04F79EFBC}") = "Zadanie5.Application", "Zadanie5.Application\Zadanie5.Application.csproj", "{E0C355B0-60A0-4138-ADAF-801905DCE856}"
EndProject
Project("{FAE04EC0-301F-11D3-BF4B-00C04F79EFBC}") = "Zadanie5.Models", "Zadanie5.Models\Zadanie5.Models.csproj", "{5EE7AC1F-414E-4B31-8D04-0EA5492A0B1B}"
EndProject
Global
	GlobalSection(SolutionConfigurationPlatforms) = preSolution
		Debug|Any CPU = Debug|Any CPU
		Release|Any CPU = Release|Any CPU
	EndGlobalSection
	GlobalSection(ProjectConfigurationPlatforms) = postSolution
		{E6F19521-FB1C-47C4-976E-EC00C4595BA2}.Debug|Any CPU.ActiveCfg = Debug|Any CPU
		{E6F19521-FB1C-47C4-976E-EC00C4595BA2}.Debug|Any CPU.Build.0 = Debug|Any CPU
		{E6F19521-FB1C-47C4-976E-EC00C4595BA2}.Release|Any CPU.ActiveCfg = Release|Any CPU
		{E6F19521-FB1C-47C4-976E-EC00C4595BA2}.Release|Any CPU.Build.0 = Release|Any CPU
		{51FC02F2-F79A-457B-99E1-759915BB4426}.Debug|Any CPU.ActiveCfg = Debug|Any CPU
		{51FC02F2-F79A-457B-99E1-759915BB4426}.Debug|Any CPU.Build.0 = Debug|Any CPU
		{51FC02F2-F79A-457B-99E1-759915BB4426}.Release|Any CPU.ActiveCfg = Release|Any CPU
		{51FC02F2-F79A-457B-99E1-759915BB4426}.Release|Any CPU.Build.0 = Release|Any CPU
		{E0C355B0-60A0-4138-ADAF-801905DCE856}.Debug|Any CPU.ActiveCfg = Debug|Any CPU
		{E0C355B0-60A0-4138-ADAF-801905DCE856}.Debug|Any CPU.Build.0 = Debug|Any CPU
		{E0C355B0-60A0-4138-ADAF-801905DCE856}.Release|Any CPU.ActiveCfg = Release|Any CPU
		{E0C355B0-60A0-4138-ADAF-801905DCE856}.Release|Any CPU.Build.0 = Release|Any CPU
		{5EE7AC1F-414E-4B31-8D04-0EA5492A0B1B}.Debug|Any CPU.ActiveCfg = Debug|Any CPU
		{5EE7AC1F-414E-4B31-8D04-0EA5492A0B1B}.Debug|Any CPU.Build.0 = Debug|Any CPU
		{5EE7AC1F-414E-4B31-8D04-0EA5492A0B1B}.Release|Any CPU.ActiveCfg = Release|Any CPU
		{5EE7AC1F-414E-4B31-8D04-0EA5492A0B1B}.Release|Any CPU.Build.0 = Release|Any CPU
	EndGlobalSection
EndGlobal
